
Microsoft Visual Studio Solution File, Format Version 11.00
# Visual Studio 2010
Project("{FAE04EC0-301F-11D3-BF4B-00C04F79EFBC}") = "UnityEngine.TestRunner", "UnityEngine.TestRunner.csproj", "{d33fb185-c453-98cf-528c-0855569d8952}"
EndProject
Project("{FAE04EC0-301F-11D3-BF4B-00C04F79EFBC}") = "UnityEngine.UI", "UnityEngine.UI.csproj", "{0ae1e7b0-6d42-fed3-53f9-7631ced50a3e}"
EndProject
Project("{FAE04EC0-301F-11D3-BF4B-00C04F79EFBC}") = "Unity.Mathematics", "Unity.Mathematics.csproj", "{91525e8c-14ff-f499-e832-dbcd8f3045f6}"
EndProject
Project("{FAE04EC0-301F-11D3-BF4B-00C04F79EFBC}") = "Unity.VisualScripting.State", "Unity.VisualScripting.State.csproj", "{a33df6ff-5acd-3c7a-4cf0-318adf7cf03d}"
EndProject
Project("{FAE04EC0-301F-11D3-BF4B-00C04F79EFBC}") = "Unity.VisualScripting.Core", "Unity.VisualScripting.Core.csproj", "{349cbcfc-8afb-b825-3593-9cb4bdb40c2e}"
EndProject
Project("{FAE04EC0-301F-11D3-BF4B-00C04F79EFBC}") = "Unity.VisualScripting.Flow", "Unity.VisualScripting.Flow.csproj", "{dd8075c1-7eab-a17e-1cbb-db8ce255c3a9}"
EndProject
Project("{FAE04EC0-301F-11D3-BF4B-00C04F79EFBC}") = "Unity.2D.Animation.Runtime", "Unity.2D.Animation.Runtime.csproj", "{f74d700c-9ab5-d759-565f-1aae9fc0fd11}"
EndProject
Project("{FAE04EC0-301F-11D3-BF4B-00C04F79EFBC}") = "Unity.TextMeshPro", "Unity.TextMeshPro.csproj", "{9c8f7808-244c-1669-d252-3222e14f3524}"
EndProject
Project("{FAE04EC0-301F-11D3-BF4B-00C04F79EFBC}") = "Unity.Timeline", "Unity.Timeline.csproj", "{c8d96527-6f87-a658-22be-463b3a53af50}"
EndProject
Project("{FAE04EC0-301F-11D3-BF4B-00C04F79EFBC}") = "Unity.2D.SpriteShape.Runtime", "Unity.2D.SpriteShape.Runtime.csproj", "{273bf946-a94e-824d-d907-0d987012597d}"
EndProject
Project("{FAE04EC0-301F-11D3-BF4B-00C04F79EFBC}") = "Unity.2D.Animation.Triangle.Runtime", "Unity.2D.Animation.Triangle.Runtime.csproj", "{905bd380-9335-a17d-67b7-83dd8220c5d9}"
EndProject
Project("{FAE04EC0-301F-11D3-BF4B-00C04F79EFBC}") = "Unity.2D.PixelPerfect", "Unity.2D.PixelPerfect.csproj", "{06bed72c-3431-d981-8350-46322382dfea}"
EndProject
Project("{FAE04EC0-301F-11D3-BF4B-00C04F79EFBC}") = "Unity.2D.IK.Runtime", "Unity.2D.IK.Runtime.csproj", "{e47de2e7-e36d-1588-58b2-c670c4181bbf}"
EndProject
Project("{FAE04EC0-301F-11D3-BF4B-00C04F79EFBC}") = "Unity.2D.Tilemap.Extras", "Unity.2D.Tilemap.Extras.csproj", "{1444e8cd-7cd1-bf33-a4eb-6464ea48e994}"
EndProject
Project("{FAE04EC0-301F-11D3-BF4B-00C04F79EFBC}") = "Unity.2D.Common.Runtime", "Unity.2D.Common.Runtime.csproj", "{cd6f2e12-2d1b-d9a6-02e4-1a6d104fc704}"
EndProject
Project("{FAE04EC0-301F-11D3-BF4B-00C04F79EFBC}") = "Assembly-CSharp", "Assembly-CSharp.csproj", "{279274da-75a2-0ad6-4f0a-18fc6fb54787}"
EndProject
Project("{FAE04EC0-301F-11D3-BF4B-00C04F79EFBC}") = "Unity.InternalAPIEngineBridge.001", "Unity.InternalAPIEngineBridge.001.csproj", "{5cea7deb-07ea-d8c8-c060-ca48eeaf22ce}"
EndProject
Project("{FAE04EC0-301F-11D3-BF4B-00C04F79EFBC}") = "Unity.PlasticSCM.Editor", "Unity.PlasticSCM.Editor.csproj", "{9ffa3ba2-7532-6f59-0794-a31151d3aba8}"
EndProject
Project("{FAE04EC0-301F-11D3-BF4B-00C04F79EFBC}") = "Unity.VisualScripting.Core.Editor", "Unity.VisualScripting.Core.Editor.csproj", "{08c05830-afde-9632-2b7d-3f498a85d29c}"
EndProject
Project("{FAE04EC0-301F-11D3-BF4B-00C04F79EFBC}") = "Unity.VisualStudio.Editor", "Unity.VisualStudio.Editor.csproj", "{80bc1914-ebb3-f9e9-eb8d-dec20c8cfdae}"
EndProject
Project("{FAE04EC0-301F-11D3-BF4B-00C04F79EFBC}") = "Unity.Timeline.Editor", "Unity.Timeline.Editor.csproj", "{3e9704aa-e3f1-7f18-cdaf-8f83f7764d19}"
EndProject
Project("{FAE04EC0-301F-11D3-BF4B-00C04F79EFBC}") = "Unity.VisualScripting.State.Editor", "Unity.VisualScripting.State.Editor.csproj", "{fdaf5a1b-eac8-739f-9a26-bd0b10c1799f}"
EndProject
Project("{FAE04EC0-301F-11D3-BF4B-00C04F79EFBC}") = "Unity.TextMeshPro.Editor", "Unity.TextMeshPro.Editor.csproj", "{845aacee-17c9-5aae-2f28-a737e225c85f}"
EndProject
Project("{FAE04EC0-301F-11D3-BF4B-00C04F79EFBC}") = "Unity.2D.Animation.Editor", "Unity.2D.Animation.Editor.csproj", "{609049d4-aad7-d8e4-20dd-56126c492e20}"
EndProject
Project("{FAE04EC0-301F-11D3-BF4B-00C04F79EFBC}") = "VSSettingsProvider", "VSSettingsProvider.csproj", "{d3213e82-96d7-cf9f-4ff3-a27ac5bb39cc}"
EndProject
Project("{FAE04EC0-301F-11D3-BF4B-00C04F79EFBC}") = "Unity.CollabProxy.Editor", "Unity.CollabProxy.Editor.csproj", "{283a17ea-77ae-f9b2-8a6f-dcc1fb09d9da}"
EndProject
Project("{FAE04EC0-301F-11D3-BF4B-00C04F79EFBC}") = "UnityEditor.TestRunner", "UnityEditor.TestRunner.csproj", "{c756f575-fbb3-69f4-b8bc-8bd023e8c969}"
EndProject
Project("{FAE04EC0-301F-11D3-BF4B-00C04F79EFBC}") = "Unity.VisualScripting.Flow.Editor", "Unity.VisualScripting.Flow.Editor.csproj", "{28a0ca3d-3d75-8d56-e246-0b611e0e13ac}"
EndProject
Project("{FAE04EC0-301F-11D3-BF4B-00C04F79EFBC}") = "Unity.Rider.Editor", "Unity.Rider.Editor.csproj", "{35e5738e-d73e-90e5-0e44-4b19ff915d0e}"
EndProject
Project("{FAE04EC0-301F-11D3-BF4B-00C04F79EFBC}") = "Unity.2D.Path.Editor", "Unity.2D.Path.Editor.csproj", "{8200c0c2-d4b9-4d8b-9c12-6770c607514d}"
EndProject
Project("{FAE04EC0-301F-11D3-BF4B-00C04F79EFBC}") = "PsdPlugin", "PsdPlugin.csproj", "{c3bfdb58-1aa6-6709-8fe7-4037a4fe3efb}"
EndProject
Project("{FAE04EC0-301F-11D3-BF4B-00C04F79EFBC}") = "Unity.2D.IK.Editor", "Unity.2D.IK.Editor.csproj", "{fa4e0e53-783c-00b8-7db5-a38a199e63ae}"
EndProject
Project("{FAE04EC0-301F-11D3-BF4B-00C04F79EFBC}") = "Unity.2D.Psdimporter.Editor", "Unity.2D.Psdimporter.Editor.csproj", "{16ae3e7d-bcce-0484-3133-aa936769b45e}"
EndProject
Project("{FAE04EC0-301F-11D3-BF4B-00C04F79EFBC}") = "Unity.2D.SpriteShape.Editor", "Unity.2D.SpriteShape.Editor.csproj", "{7aa9698c-5798-899b-6cb6-12ede9f81519}"
EndProject
Project("{FAE04EC0-301F-11D3-BF4B-00C04F79EFBC}") = "Unity.2D.Tilemap.Editor", "Unity.2D.Tilemap.Editor.csproj", "{4f3fcf13-d79d-2435-1782-fcafcc2bff46}"
EndProject
Project("{FAE04EC0-301F-11D3-BF4B-00C04F79EFBC}") = "Unity.2D.PixelPerfect.Editor", "Unity.2D.PixelPerfect.Editor.csproj", "{d765d766-7f4b-e679-fa9e-a6a3e0d61b07}"
EndProject
Project("{FAE04EC0-301F-11D3-BF4B-00C04F79EFBC}") = "Unity.VSCode.Editor", "Unity.VSCode.Editor.csproj", "{739773c8-3c96-3315-88f4-092512c4b8e8}"
EndProject
Project("{FAE04EC0-301F-11D3-BF4B-00C04F79EFBC}") = "Unity.2D.Sprite.Editor", "Unity.2D.Sprite.Editor.csproj", "{2003b608-b419-9006-2ecc-4f8c63d16a3e}"
EndProject
Project("{FAE04EC0-301F-11D3-BF4B-00C04F79EFBC}") = "UnityEditor.UI", "UnityEditor.UI.csproj", "{5d54f888-cab7-6e8c-8cae-a9a34bba78e7}"
EndProject
Project("{FAE04EC0-301F-11D3-BF4B-00C04F79EFBC}") = "Unity.Mathematics.Editor", "Unity.Mathematics.Editor.csproj", "{c968f90e-b243-a8df-c695-7ed07052ee8e}"
EndProject
Project("{FAE04EC0-301F-11D3-BF4B-00C04F79EFBC}") = "Unity.2D.Common.Editor", "Unity.2D.Common.Editor.csproj", "{000fa629-3875-822e-079c-fe939d973361}"
EndProject
Project("{FAE04EC0-301F-11D3-BF4B-00C04F79EFBC}") = "Unity.2D.Tilemap.Extras.Editor", "Unity.2D.Tilemap.Extras.Editor.csproj", "{8c6bfab4-e228-c566-de2f-a4ac342937a6}"
EndProject
Project("{FAE04EC0-301F-11D3-BF4B-00C04F79EFBC}") = "Unity.InternalAPIEditorBridge.001", "Unity.InternalAPIEditorBridge.001.csproj", "{e8538878-0f77-c4a7-1fa1-efdac5094180}"
EndProject
Global
	GlobalSection(SolutionConfigurationPlatforms) = preSolution
		Debug|Any CPU = Debug|Any CPU
	EndGlobalSection
	GlobalSection(ProjectConfigurationPlatforms) = postSolution
		{d33fb185-c453-98cf-528c-0855569d8952}.Debug|Any CPU.ActiveCfg = Debug|Any CPU
		{d33fb185-c453-98cf-528c-0855569d8952}.Debug|Any CPU.Build.0 = Debug|Any CPU
		{0ae1e7b0-6d42-fed3-53f9-7631ced50a3e}.Debug|Any CPU.ActiveCfg = Debug|Any CPU
		{0ae1e7b0-6d42-fed3-53f9-7631ced50a3e}.Debug|Any CPU.Build.0 = Debug|Any CPU
		{91525e8c-14ff-f499-e832-dbcd8f3045f6}.Debug|Any CPU.ActiveCfg = Debug|Any CPU
		{91525e8c-14ff-f499-e832-dbcd8f3045f6}.Debug|Any CPU.Build.0 = Debug|Any CPU
		{a33df6ff-5acd-3c7a-4cf0-318adf7cf03d}.Debug|Any CPU.ActiveCfg = Debug|Any CPU
		{a33df6ff-5acd-3c7a-4cf0-318adf7cf03d}.Debug|Any CPU.Build.0 = Debug|Any CPU
		{349cbcfc-8afb-b825-3593-9cb4bdb40c2e}.Debug|Any CPU.ActiveCfg = Debug|Any CPU
		{349cbcfc-8afb-b825-3593-9cb4bdb40c2e}.Debug|Any CPU.Build.0 = Debug|Any CPU
		{dd8075c1-7eab-a17e-1cbb-db8ce255c3a9}.Debug|Any CPU.ActiveCfg = Debug|Any CPU
		{dd8075c1-7eab-a17e-1cbb-db8ce255c3a9}.Debug|Any CPU.Build.0 = Debug|Any CPU
		{f74d700c-9ab5-d759-565f-1aae9fc0fd11}.Debug|Any CPU.ActiveCfg = Debug|Any CPU
		{f74d700c-9ab5-d759-565f-1aae9fc0fd11}.Debug|Any CPU.Build.0 = Debug|Any CPU
		{9c8f7808-244c-1669-d252-3222e14f3524}.Debug|Any CPU.ActiveCfg = Debug|Any CPU
		{9c8f7808-244c-1669-d252-3222e14f3524}.Debug|Any CPU.Build.0 = Debug|Any CPU
		{c8d96527-6f87-a658-22be-463b3a53af50}.Debug|Any CPU.ActiveCfg = Debug|Any CPU
		{c8d96527-6f87-a658-22be-463b3a53af50}.Debug|Any CPU.Build.0 = Debug|Any CPU
		{273bf946-a94e-824d-d907-0d987012597d}.Debug|Any CPU.ActiveCfg = Debug|Any CPU
		{273bf946-a94e-824d-d907-0d987012597d}.Debug|Any CPU.Build.0 = Debug|Any CPU
		{905bd380-9335-a17d-67b7-83dd8220c5d9}.Debug|Any CPU.ActiveCfg = Debug|Any CPU
		{905bd380-9335-a17d-67b7-83dd8220c5d9}.Debug|Any CPU.Build.0 = Debug|Any CPU
		{06bed72c-3431-d981-8350-46322382dfea}.Debug|Any CPU.ActiveCfg = Debug|Any CPU
		{06bed72c-3431-d981-8350-46322382dfea}.Debug|Any CPU.Build.0 = Debug|Any CPU
		{e47de2e7-e36d-1588-58b2-c670c4181bbf}.Debug|Any CPU.ActiveCfg = Debug|Any CPU
		{e47de2e7-e36d-1588-58b2-c670c4181bbf}.Debug|Any CPU.Build.0 = Debug|Any CPU
		{1444e8cd-7cd1-bf33-a4eb-6464ea48e994}.Debug|Any CPU.ActiveCfg = Debug|Any CPU
		{1444e8cd-7cd1-bf33-a4eb-6464ea48e994}.Debug|Any CPU.Build.0 = Debug|Any CPU
		{cd6f2e12-2d1b-d9a6-02e4-1a6d104fc704}.Debug|Any CPU.ActiveCfg = Debug|Any CPU
		{cd6f2e12-2d1b-d9a6-02e4-1a6d104fc704}.Debug|Any CPU.Build.0 = Debug|Any CPU
		{279274da-75a2-0ad6-4f0a-18fc6fb54787}.Debug|Any CPU.ActiveCfg = Debug|Any CPU
		{279274da-75a2-0ad6-4f0a-18fc6fb54787}.Debug|Any CPU.Build.0 = Debug|Any CPU
		{5cea7deb-07ea-d8c8-c060-ca48eeaf22ce}.Debug|Any CPU.ActiveCfg = Debug|Any CPU
		{5cea7deb-07ea-d8c8-c060-ca48eeaf22ce}.Debug|Any CPU.Build.0 = Debug|Any CPU
		{9ffa3ba2-7532-6f59-0794-a31151d3aba8}.Debug|Any CPU.ActiveCfg = Debug|Any CPU
		{9ffa3ba2-7532-6f59-0794-a31151d3aba8}.Debug|Any CPU.Build.0 = Debug|Any CPU
		{08c05830-afde-9632-2b7d-3f498a85d29c}.Debug|Any CPU.ActiveCfg = Debug|Any CPU
		{08c05830-afde-9632-2b7d-3f498a85d29c}.Debug|Any CPU.Build.0 = Debug|Any CPU
		{80bc1914-ebb3-f9e9-eb8d-dec20c8cfdae}.Debug|Any CPU.ActiveCfg = Debug|Any CPU
		{80bc1914-ebb3-f9e9-eb8d-dec20c8cfdae}.Debug|Any CPU.Build.0 = Debug|Any CPU
		{3e9704aa-e3f1-7f18-cdaf-8f83f7764d19}.Debug|Any CPU.ActiveCfg = Debug|Any CPU
		{3e9704aa-e3f1-7f18-cdaf-8f83f7764d19}.Debug|Any CPU.Build.0 = Debug|Any CPU
		{fdaf5a1b-eac8-739f-9a26-bd0b10c1799f}.Debug|Any CPU.ActiveCfg = Debug|Any CPU
		{fdaf5a1b-eac8-739f-9a26-bd0b10c1799f}.Debug|Any CPU.Build.0 = Debug|Any CPU
		{845aacee-17c9-5aae-2f28-a737e225c85f}.Debug|Any CPU.ActiveCfg = Debug|Any CPU
		{845aacee-17c9-5aae-2f28-a737e225c85f}.Debug|Any CPU.Build.0 = Debug|Any CPU
		{609049d4-aad7-d8e4-20dd-56126c492e20}.Debug|Any CPU.ActiveCfg = Debug|Any CPU
		{609049d4-aad7-d8e4-20dd-56126c492e20}.Debug|Any CPU.Build.0 = Debug|Any CPU
		{d3213e82-96d7-cf9f-4ff3-a27ac5bb39cc}.Debug|Any CPU.ActiveCfg = Debug|Any CPU
		{d3213e82-96d7-cf9f-4ff3-a27ac5bb39cc}.Debug|Any CPU.Build.0 = Debug|Any CPU
		{283a17ea-77ae-f9b2-8a6f-dcc1fb09d9da}.Debug|Any CPU.ActiveCfg = Debug|Any CPU
		{283a17ea-77ae-f9b2-8a6f-dcc1fb09d9da}.Debug|Any CPU.Build.0 = Debug|Any CPU
		{c756f575-fbb3-69f4-b8bc-8bd023e8c969}.Debug|Any CPU.ActiveCfg = Debug|Any CPU
		{c756f575-fbb3-69f4-b8bc-8bd023e8c969}.Debug|Any CPU.Build.0 = Debug|Any CPU
		{28a0ca3d-3d75-8d56-e246-0b611e0e13ac}.Debug|Any CPU.ActiveCfg = Debug|Any CPU
		{28a0ca3d-3d75-8d56-e246-0b611e0e13ac}.Debug|Any CPU.Build.0 = Debug|Any CPU
		{35e5738e-d73e-90e5-0e44-4b19ff915d0e}.Debug|Any CPU.ActiveCfg = Debug|Any CPU
		{35e5738e-d73e-90e5-0e44-4b19ff915d0e}.Debug|Any CPU.Build.0 = Debug|Any CPU
		{8200c0c2-d4b9-4d8b-9c12-6770c607514d}.Debug|Any CPU.ActiveCfg = Debug|Any CPU
		{8200c0c2-d4b9-4d8b-9c12-6770c607514d}.Debug|Any CPU.Build.0 = Debug|Any CPU
		{c3bfdb58-1aa6-6709-8fe7-4037a4fe3efb}.Debug|Any CPU.ActiveCfg = Debug|Any CPU
		{c3bfdb58-1aa6-6709-8fe7-4037a4fe3efb}.Debug|Any CPU.Build.0 = Debug|Any CPU
		{fa4e0e53-783c-00b8-7db5-a38a199e63ae}.Debug|Any CPU.ActiveCfg = Debug|Any CPU
		{fa4e0e53-783c-00b8-7db5-a38a199e63ae}.Debug|Any CPU.Build.0 = Debug|Any CPU
		{16ae3e7d-bcce-0484-3133-aa936769b45e}.Debug|Any CPU.ActiveCfg = Debug|Any CPU
		{16ae3e7d-bcce-0484-3133-aa936769b45e}.Debug|Any CPU.Build.0 = Debug|Any CPU
		{7aa9698c-5798-899b-6cb6-12ede9f81519}.Debug|Any CPU.ActiveCfg = Debug|Any CPU
		{7aa9698c-5798-899b-6cb6-12ede9f81519}.Debug|Any CPU.Build.0 = Debug|Any CPU
		{4f3fcf13-d79d-2435-1782-fcafcc2bff46}.Debug|Any CPU.ActiveCfg = Debug|Any CPU
		{4f3fcf13-d79d-2435-1782-fcafcc2bff46}.Debug|Any CPU.Build.0 = Debug|Any CPU
		{d765d766-7f4b-e679-fa9e-a6a3e0d61b07}.Debug|Any CPU.ActiveCfg = Debug|Any CPU
		{d765d766-7f4b-e679-fa9e-a6a3e0d61b07}.Debug|Any CPU.Build.0 = Debug|Any CPU
		{739773c8-3c96-3315-88f4-092512c4b8e8}.Debug|Any CPU.ActiveCfg = Debug|Any CPU
		{739773c8-3c96-3315-88f4-092512c4b8e8}.Debug|Any CPU.Build.0 = Debug|Any CPU
		{2003b608-b419-9006-2ecc-4f8c63d16a3e}.Debug|Any CPU.ActiveCfg = Debug|Any CPU
		{2003b608-b419-9006-2ecc-4f8c63d16a3e}.Debug|Any CPU.Build.0 = Debug|Any CPU
		{5d54f888-cab7-6e8c-8cae-a9a34bba78e7}.Debug|Any CPU.ActiveCfg = Debug|Any CPU
		{5d54f888-cab7-6e8c-8cae-a9a34bba78e7}.Debug|Any CPU.Build.0 = Debug|Any CPU
		{c968f90e-b243-a8df-c695-7ed07052ee8e}.Debug|Any CPU.ActiveCfg = Debug|Any CPU
		{c968f90e-b243-a8df-c695-7ed07052ee8e}.Debug|Any CPU.Build.0 = Debug|Any CPU
		{000fa629-3875-822e-079c-fe939d973361}.Debug|Any CPU.ActiveCfg = Debug|Any CPU
		{000fa629-3875-822e-079c-fe939d973361}.Debug|Any CPU.Build.0 = Debug|Any CPU
		{8c6bfab4-e228-c566-de2f-a4ac342937a6}.Debug|Any CPU.ActiveCfg = Debug|Any CPU
		{8c6bfab4-e228-c566-de2f-a4ac342937a6}.Debug|Any CPU.Build.0 = Debug|Any CPU
		{e8538878-0f77-c4a7-1fa1-efdac5094180}.Debug|Any CPU.ActiveCfg = Debug|Any CPU
		{e8538878-0f77-c4a7-1fa1-efdac5094180}.Debug|Any CPU.Build.0 = Debug|Any CPU
	EndGlobalSection
	GlobalSection(SolutionProperties) = preSolution
		HideSolutionNode = FALSE
	EndGlobalSection
EndGlobal
